// !$*UTF8*$!
{
	archiveVersion = 1;
	classes = {
	};
	objectVersion = 50;
	objects = {

/* Begin PBXBuildFile section */

		4D25BE7C2691A73B0043B210 /* ProfileVC.swift in Sources */ = {isa = PBXBuildFile; fileRef = 4D25BE7A2691A73B0043B210 /* ProfileVC.swift */; };
		4D25BE7D2691A73B0043B210 /* ProfileVC.xib in Resources */ = {isa = PBXBuildFile; fileRef = 4D25BE7B2691A73B0043B210 /* ProfileVC.xib */; };
		4D25BE802691C6B20043B210 /* PresonalDetailsVC.swift in Sources */ = {isa = PBXBuildFile; fileRef = 4D25BE7E2691C6B20043B210 /* PresonalDetailsVC.swift */; };
		4D25BE812691C6B20043B210 /* PresonalDetailsVC.xib in Resources */ = {isa = PBXBuildFile; fileRef = 4D25BE7F2691C6B20043B210 /* PresonalDetailsVC.xib */; };

		573139B72692B0DC00BE6FA6 /* CartVC.swift in Sources */ = {isa = PBXBuildFile; fileRef = 573139B52692B0DC00BE6FA6 /* CartVC.swift */; };
		573139B82692B0DC00BE6FA6 /* CartVC.xib in Resources */ = {isa = PBXBuildFile; fileRef = 573139B62692B0DC00BE6FA6 /* CartVC.xib */; };
		573139C32692B30500BE6FA6 /* CartTVC.swift in Sources */ = {isa = PBXBuildFile; fileRef = 573139C12692B30500BE6FA6 /* CartTVC.swift */; };
		573139C42692B30500BE6FA6 /* CartTVC.xib in Resources */ = {isa = PBXBuildFile; fileRef = 573139C22692B30500BE6FA6 /* CartTVC.xib */; };
		577A6BE02694666D0002671F /* OrderVC.swift in Sources */ = {isa = PBXBuildFile; fileRef = 577A6BDE2694666D0002671F /* OrderVC.swift */; };
		577A6BE12694666D0002671F /* OrderVC.xib in Resources */ = {isa = PBXBuildFile; fileRef = 577A6BDF2694666D0002671F /* OrderVC.xib */; };

		DCB902222691A56400A95EAE /* AppDelegate.swift in Sources */ = {isa = PBXBuildFile; fileRef = DCB902212691A56400A95EAE /* AppDelegate.swift */; };
		DCB9022C2691A56400A95EAE /* Foodie.xcdatamodeld in Sources */ = {isa = PBXBuildFile; fileRef = DCB9022A2691A56400A95EAE /* Foodie.xcdatamodeld */; };
		DCB9022E2691A56700A95EAE /* Assets.xcassets in Resources */ = {isa = PBXBuildFile; fileRef = DCB9022D2691A56700A95EAE /* Assets.xcassets */; };
		DCB902312691A56700A95EAE /* LaunchScreen.storyboard in Resources */ = {isa = PBXBuildFile; fileRef = DCB9022F2691A56700A95EAE /* LaunchScreen.storyboard */; };
/* End PBXBuildFile section */

/* Begin PBXFileReference section */

		4D25BE7A2691A73B0043B210 /* ProfileVC.swift */ = {isa = PBXFileReference; lastKnownFileType = sourcecode.swift; path = ProfileVC.swift; sourceTree = "<group>"; };
		4D25BE7B2691A73B0043B210 /* ProfileVC.xib */ = {isa = PBXFileReference; lastKnownFileType = file.xib; path = ProfileVC.xib; sourceTree = "<group>"; };
		4D25BE7E2691C6B20043B210 /* PresonalDetailsVC.swift */ = {isa = PBXFileReference; lastKnownFileType = sourcecode.swift; path = PresonalDetailsVC.swift; sourceTree = "<group>"; };
		4D25BE7F2691C6B20043B210 /* PresonalDetailsVC.xib */ = {isa = PBXFileReference; lastKnownFileType = file.xib; path = PresonalDetailsVC.xib; sourceTree = "<group>"; };

		573139B52692B0DC00BE6FA6 /* CartVC.swift */ = {isa = PBXFileReference; lastKnownFileType = sourcecode.swift; path = CartVC.swift; sourceTree = "<group>"; };
		573139B62692B0DC00BE6FA6 /* CartVC.xib */ = {isa = PBXFileReference; lastKnownFileType = file.xib; path = CartVC.xib; sourceTree = "<group>"; };
		573139C12692B30500BE6FA6 /* CartTVC.swift */ = {isa = PBXFileReference; lastKnownFileType = sourcecode.swift; path = CartTVC.swift; sourceTree = "<group>"; };
		573139C22692B30500BE6FA6 /* CartTVC.xib */ = {isa = PBXFileReference; lastKnownFileType = file.xib; path = CartTVC.xib; sourceTree = "<group>"; };
		577A6BDE2694666D0002671F /* OrderVC.swift */ = {isa = PBXFileReference; lastKnownFileType = sourcecode.swift; path = OrderVC.swift; sourceTree = "<group>"; };
		577A6BDF2694666D0002671F /* OrderVC.xib */ = {isa = PBXFileReference; lastKnownFileType = file.xib; path = OrderVC.xib; sourceTree = "<group>"; };

		DCB9021E2691A56400A95EAE /* Foodie.app */ = {isa = PBXFileReference; explicitFileType = wrapper.application; includeInIndex = 0; path = Foodie.app; sourceTree = BUILT_PRODUCTS_DIR; };
		DCB902212691A56400A95EAE /* AppDelegate.swift */ = {isa = PBXFileReference; lastKnownFileType = sourcecode.swift; path = AppDelegate.swift; sourceTree = "<group>"; };
		DCB9022B2691A56400A95EAE /* Foodie.xcdatamodel */ = {isa = PBXFileReference; lastKnownFileType = wrapper.xcdatamodel; path = Foodie.xcdatamodel; sourceTree = "<group>"; };
		DCB9022D2691A56700A95EAE /* Assets.xcassets */ = {isa = PBXFileReference; lastKnownFileType = folder.assetcatalog; path = Assets.xcassets; sourceTree = "<group>"; };
		DCB902302691A56700A95EAE /* Base */ = {isa = PBXFileReference; lastKnownFileType = file.storyboard; name = Base; path = Base.lproj/LaunchScreen.storyboard; sourceTree = "<group>"; };
		DCB902322691A56700A95EAE /* Info.plist */ = {isa = PBXFileReference; lastKnownFileType = text.plist.xml; path = Info.plist; sourceTree = "<group>"; };
/* End PBXFileReference section */

/* Begin PBXFrameworksBuildPhase section */
		DCB9021B2691A56400A95EAE /* Frameworks */ = {
			isa = PBXFrameworksBuildPhase;
			buildActionMask = 2147483647;
			files = (
			);
			runOnlyForDeploymentPostprocessing = 0;
		};
/* End PBXFrameworksBuildPhase section */

/* Begin PBXGroup section */
		573139B42692B0C700BE6FA6 /* ShaxzodVC */ = {
			isa = PBXGroup;
			children = (
				573139B52692B0DC00BE6FA6 /* CartVC.swift */,
				573139B62692B0DC00BE6FA6 /* CartVC.xib */,
				577A6BDE2694666D0002671F /* OrderVC.swift */,
				577A6BDF2694666D0002671F /* OrderVC.xib */,
			);
			path = ShaxzodVC;
			sourceTree = "<group>";
		};
		573139C02692B2EA00BE6FA6 /* ShaxzodTVC */ = {
			isa = PBXGroup;
			children = (
				573139C12692B30500BE6FA6 /* CartTVC.swift */,
				573139C22692B30500BE6FA6 /* CartTVC.xib */,
			);
			path = ShaxzodTVC;
			sourceTree = "<group>";
		};
		DCB902152691A56300A95EAE = {
			isa = PBXGroup;
			children = (
				DCB902202691A56400A95EAE /* Foodie */,
				DCB9021F2691A56400A95EAE /* Products */,
			);
			sourceTree = "<group>";
		};
		DCB9021F2691A56400A95EAE /* Products */ = {
			isa = PBXGroup;
			children = (
				DCB9021E2691A56400A95EAE /* Foodie.app */,
			);
			name = Products;
			sourceTree = "<group>";
		};
		DCB902202691A56400A95EAE /* Foodie */ = {
			isa = PBXGroup;
			children = (
				573139C02692B2EA00BE6FA6 /* ShaxzodTVC */,
				573139B42692B0C700BE6FA6 /* ShaxzodVC */,
				DCB902212691A56400A95EAE /* AppDelegate.swift */,

				4D25BE7A2691A73B0043B210 /* ProfileVC.swift */,
				4D25BE7B2691A73B0043B210 /* ProfileVC.xib */,
				4D25BE7E2691C6B20043B210 /* PresonalDetailsVC.swift */,
				4D25BE7F2691C6B20043B210 /* PresonalDetailsVC.xib */,


				DCB9022D2691A56700A95EAE /* Assets.xcassets */,
				DCB9022F2691A56700A95EAE /* LaunchScreen.storyboard */,
				DCB902322691A56700A95EAE /* Info.plist */,
				DCB9022A2691A56400A95EAE /* Foodie.xcdatamodeld */,
			);
			path = Foodie;
			sourceTree = "<group>";
		};
/* End PBXGroup section */

/* Begin PBXNativeTarget section */
		DCB9021D2691A56400A95EAE /* Foodie */ = {
			isa = PBXNativeTarget;
			buildConfigurationList = DCB902352691A56700A95EAE /* Build configuration list for PBXNativeTarget "Foodie" */;
			buildPhases = (
				DCB9021A2691A56400A95EAE /* Sources */,
				DCB9021B2691A56400A95EAE /* Frameworks */,
				DCB9021C2691A56400A95EAE /* Resources */,
			);
			buildRules = (
			);
			dependencies = (
			);
			name = Foodie;
			productName = Foodie;
			productReference = DCB9021E2691A56400A95EAE /* Foodie.app */;
			productType = "com.apple.product-type.application";
		};
/* End PBXNativeTarget section */

/* Begin PBXProject section */
		DCB902162691A56300A95EAE /* Project object */ = {
			isa = PBXProject;
			attributes = {
				LastSwiftUpdateCheck = 1250;
				LastUpgradeCheck = 1250;
				TargetAttributes = {
					DCB9021D2691A56400A95EAE = {
						CreatedOnToolsVersion = 12.5;
					};
				};
			};
			buildConfigurationList = DCB902192691A56300A95EAE /* Build configuration list for PBXProject "Foodie" */;
			compatibilityVersion = "Xcode 9.3";
			developmentRegion = en;
			hasScannedForEncodings = 0;
			knownRegions = (
				en,
				Base,
			);
			mainGroup = DCB902152691A56300A95EAE;
			productRefGroup = DCB9021F2691A56400A95EAE /* Products */;
			projectDirPath = "";
			projectRoot = "";
			targets = (
				DCB9021D2691A56400A95EAE /* Foodie */,
			);
		};
/* End PBXProject section */

/* Begin PBXResourcesBuildPhase section */
		DCB9021C2691A56400A95EAE /* Resources */ = {
			isa = PBXResourcesBuildPhase;
			buildActionMask = 2147483647;
			files = (
				DCB902312691A56700A95EAE /* LaunchScreen.storyboard in Resources */,

				4D25BE812691C6B20043B210 /* PresonalDetailsVC.xib in Resources */,
				4D25BE7D2691A73B0043B210 /* ProfileVC.xib in Resources */,
				DCB9022E2691A56700A95EAE /* Assets.xcassets in Resources */,

				577A6BE12694666D0002671F /* OrderVC.xib in Resources */,
				573139B82692B0DC00BE6FA6 /* CartVC.xib in Resources */,
				DCB9022E2691A56700A95EAE /* Assets.xcassets in Resources */,
				573139C42692B30500BE6FA6 /* CartTVC.xib in Resources */,

			);
			runOnlyForDeploymentPostprocessing = 0;
		};
/* End PBXResourcesBuildPhase section */

/* Begin PBXSourcesBuildPhase section */
		DCB9021A2691A56400A95EAE /* Sources */ = {
			isa = PBXSourcesBuildPhase;
			buildActionMask = 2147483647;
			files = (

				4D25BE7C2691A73B0043B210 /* ProfileVC.swift in Sources */,
				4D25BE802691C6B20043B210 /* PresonalDetailsVC.swift in Sources */,
				DCB9022C2691A56400A95EAE /* Foodie.xcdatamodeld in Sources */,
				DCB902222691A56400A95EAE /* AppDelegate.swift in Sources */,

				DCB9022C2691A56400A95EAE /* Foodie.xcdatamodeld in Sources */,
				DCB902222691A56400A95EAE /* AppDelegate.swift in Sources */,
				573139B72692B0DC00BE6FA6 /* CartVC.swift in Sources */,
				573139C32692B30500BE6FA6 /* CartTVC.swift in Sources */,
				577A6BE02694666D0002671F /* OrderVC.swift in Sources */,

			);
			runOnlyForDeploymentPostprocessing = 0;
		};
/* End PBXSourcesBuildPhase section */

/* Begin PBXVariantGroup section */
		DCB9022F2691A56700A95EAE /* LaunchScreen.storyboard */ = {
			isa = PBXVariantGroup;
			children = (
				DCB902302691A56700A95EAE /* Base */,
			);
			name = LaunchScreen.storyboard;
			sourceTree = "<group>";
		};
/* End PBXVariantGroup section */

/* Begin XCBuildConfiguration section */
		DCB902332691A56700A95EAE /* Debug */ = {
			isa = XCBuildConfiguration;
			buildSettings = {
				ALWAYS_SEARCH_USER_PATHS = NO;
				CLANG_ANALYZER_NONNULL = YES;
				CLANG_ANALYZER_NUMBER_OBJECT_CONVERSION = YES_AGGRESSIVE;
				CLANG_CXX_LANGUAGE_STANDARD = "gnu++14";
				CLANG_CXX_LIBRARY = "libc++";
				CLANG_ENABLE_MODULES = YES;
				CLANG_ENABLE_OBJC_ARC = YES;
				CLANG_ENABLE_OBJC_WEAK = YES;
				CLANG_WARN_BLOCK_CAPTURE_AUTORELEASING = YES;
				CLANG_WARN_BOOL_CONVERSION = YES;
				CLANG_WARN_COMMA = YES;
				CLANG_WARN_CONSTANT_CONVERSION = YES;
				CLANG_WARN_DEPRECATED_OBJC_IMPLEMENTATIONS = YES;
				CLANG_WARN_DIRECT_OBJC_ISA_USAGE = YES_ERROR;
				CLANG_WARN_DOCUMENTATION_COMMENTS = YES;
				CLANG_WARN_EMPTY_BODY = YES;
				CLANG_WARN_ENUM_CONVERSION = YES;
				CLANG_WARN_INFINITE_RECURSION = YES;
				CLANG_WARN_INT_CONVERSION = YES;
				CLANG_WARN_NON_LITERAL_NULL_CONVERSION = YES;
				CLANG_WARN_OBJC_IMPLICIT_RETAIN_SELF = YES;
				CLANG_WARN_OBJC_LITERAL_CONVERSION = YES;
				CLANG_WARN_OBJC_ROOT_CLASS = YES_ERROR;
				CLANG_WARN_QUOTED_INCLUDE_IN_FRAMEWORK_HEADER = YES;
				CLANG_WARN_RANGE_LOOP_ANALYSIS = YES;
				CLANG_WARN_STRICT_PROTOTYPES = YES;
				CLANG_WARN_SUSPICIOUS_MOVE = YES;
				CLANG_WARN_UNGUARDED_AVAILABILITY = YES_AGGRESSIVE;
				CLANG_WARN_UNREACHABLE_CODE = YES;
				CLANG_WARN__DUPLICATE_METHOD_MATCH = YES;
				COPY_PHASE_STRIP = NO;
				DEBUG_INFORMATION_FORMAT = dwarf;
				ENABLE_STRICT_OBJC_MSGSEND = YES;
				ENABLE_TESTABILITY = YES;
				GCC_C_LANGUAGE_STANDARD = gnu11;
				GCC_DYNAMIC_NO_PIC = NO;
				GCC_NO_COMMON_BLOCKS = YES;
				GCC_OPTIMIZATION_LEVEL = 0;
				GCC_PREPROCESSOR_DEFINITIONS = (
					"DEBUG=1",
					"$(inherited)",
				);
				GCC_WARN_64_TO_32_BIT_CONVERSION = YES;
				GCC_WARN_ABOUT_RETURN_TYPE = YES_ERROR;
				GCC_WARN_UNDECLARED_SELECTOR = YES;
				GCC_WARN_UNINITIALIZED_AUTOS = YES_AGGRESSIVE;
				GCC_WARN_UNUSED_FUNCTION = YES;
				GCC_WARN_UNUSED_VARIABLE = YES;
				IPHONEOS_DEPLOYMENT_TARGET = 14.4;
				MTL_ENABLE_DEBUG_INFO = INCLUDE_SOURCE;
				MTL_FAST_MATH = YES;
				ONLY_ACTIVE_ARCH = YES;
				SDKROOT = iphoneos;
				SWIFT_ACTIVE_COMPILATION_CONDITIONS = DEBUG;
				SWIFT_OPTIMIZATION_LEVEL = "-Onone";
			};
			name = Debug;
		};
		DCB902342691A56700A95EAE /* Release */ = {
			isa = XCBuildConfiguration;
			buildSettings = {
				ALWAYS_SEARCH_USER_PATHS = NO;
				CLANG_ANALYZER_NONNULL = YES;
				CLANG_ANALYZER_NUMBER_OBJECT_CONVERSION = YES_AGGRESSIVE;
				CLANG_CXX_LANGUAGE_STANDARD = "gnu++14";
				CLANG_CXX_LIBRARY = "libc++";
				CLANG_ENABLE_MODULES = YES;
				CLANG_ENABLE_OBJC_ARC = YES;
				CLANG_ENABLE_OBJC_WEAK = YES;
				CLANG_WARN_BLOCK_CAPTURE_AUTORELEASING = YES;
				CLANG_WARN_BOOL_CONVERSION = YES;
				CLANG_WARN_COMMA = YES;
				CLANG_WARN_CONSTANT_CONVERSION = YES;
				CLANG_WARN_DEPRECATED_OBJC_IMPLEMENTATIONS = YES;
				CLANG_WARN_DIRECT_OBJC_ISA_USAGE = YES_ERROR;
				CLANG_WARN_DOCUMENTATION_COMMENTS = YES;
				CLANG_WARN_EMPTY_BODY = YES;
				CLANG_WARN_ENUM_CONVERSION = YES;
				CLANG_WARN_INFINITE_RECURSION = YES;
				CLANG_WARN_INT_CONVERSION = YES;
				CLANG_WARN_NON_LITERAL_NULL_CONVERSION = YES;
				CLANG_WARN_OBJC_IMPLICIT_RETAIN_SELF = YES;
				CLANG_WARN_OBJC_LITERAL_CONVERSION = YES;
				CLANG_WARN_OBJC_ROOT_CLASS = YES_ERROR;
				CLANG_WARN_QUOTED_INCLUDE_IN_FRAMEWORK_HEADER = YES;
				CLANG_WARN_RANGE_LOOP_ANALYSIS = YES;
				CLANG_WARN_STRICT_PROTOTYPES = YES;
				CLANG_WARN_SUSPICIOUS_MOVE = YES;
				CLANG_WARN_UNGUARDED_AVAILABILITY = YES_AGGRESSIVE;
				CLANG_WARN_UNREACHABLE_CODE = YES;
				CLANG_WARN__DUPLICATE_METHOD_MATCH = YES;
				COPY_PHASE_STRIP = NO;
				DEBUG_INFORMATION_FORMAT = "dwarf-with-dsym";
				ENABLE_NS_ASSERTIONS = NO;
				ENABLE_STRICT_OBJC_MSGSEND = YES;
				GCC_C_LANGUAGE_STANDARD = gnu11;
				GCC_NO_COMMON_BLOCKS = YES;
				GCC_WARN_64_TO_32_BIT_CONVERSION = YES;
				GCC_WARN_ABOUT_RETURN_TYPE = YES_ERROR;
				GCC_WARN_UNDECLARED_SELECTOR = YES;
				GCC_WARN_UNINITIALIZED_AUTOS = YES_AGGRESSIVE;
				GCC_WARN_UNUSED_FUNCTION = YES;
				GCC_WARN_UNUSED_VARIABLE = YES;
				IPHONEOS_DEPLOYMENT_TARGET = 14.4;
				MTL_ENABLE_DEBUG_INFO = NO;
				MTL_FAST_MATH = YES;
				SDKROOT = iphoneos;
				SWIFT_COMPILATION_MODE = wholemodule;
				SWIFT_OPTIMIZATION_LEVEL = "-O";
				VALIDATE_PRODUCT = YES;
			};
			name = Release;
		};
		DCB902362691A56700A95EAE /* Debug */ = {
			isa = XCBuildConfiguration;
			buildSettings = {
				ASSETCATALOG_COMPILER_APPICON_NAME = AppIcon;
				ASSETCATALOG_COMPILER_GLOBAL_ACCENT_COLOR_NAME = AccentColor;
				CODE_SIGN_STYLE = Automatic;
				INFOPLIST_FILE = Foodie/Info.plist;
				LD_RUNPATH_SEARCH_PATHS = (
					"$(inherited)",
					"@executable_path/Frameworks",
				);
				PRODUCT_BUNDLE_IDENTIFIER = tesseract.uz.Foodie;
				PRODUCT_NAME = "$(TARGET_NAME)";
				SWIFT_VERSION = 5.0;
				TARGETED_DEVICE_FAMILY = "1,2";
			};
			name = Debug;
		};
		DCB902372691A56700A95EAE /* Release */ = {
			isa = XCBuildConfiguration;
			buildSettings = {
				ASSETCATALOG_COMPILER_APPICON_NAME = AppIcon;
				ASSETCATALOG_COMPILER_GLOBAL_ACCENT_COLOR_NAME = AccentColor;
				CODE_SIGN_STYLE = Automatic;
				INFOPLIST_FILE = Foodie/Info.plist;
				LD_RUNPATH_SEARCH_PATHS = (
					"$(inherited)",
					"@executable_path/Frameworks",
				);
				PRODUCT_BUNDLE_IDENTIFIER = tesseract.uz.Foodie;
				PRODUCT_NAME = "$(TARGET_NAME)";
				SWIFT_VERSION = 5.0;
				TARGETED_DEVICE_FAMILY = "1,2";
			};
			name = Release;
		};
/* End XCBuildConfiguration section */

/* Begin XCConfigurationList section */
		DCB902192691A56300A95EAE /* Build configuration list for PBXProject "Foodie" */ = {
			isa = XCConfigurationList;
			buildConfigurations = (
				DCB902332691A56700A95EAE /* Debug */,
				DCB902342691A56700A95EAE /* Release */,
			);
			defaultConfigurationIsVisible = 0;
			defaultConfigurationName = Release;
		};
		DCB902352691A56700A95EAE /* Build configuration list for PBXNativeTarget "Foodie" */ = {
			isa = XCConfigurationList;
			buildConfigurations = (
				DCB902362691A56700A95EAE /* Debug */,
				DCB902372691A56700A95EAE /* Release */,
			);
			defaultConfigurationIsVisible = 0;
			defaultConfigurationName = Release;
		};
/* End XCConfigurationList section */

/* Begin XCVersionGroup section */
		DCB9022A2691A56400A95EAE /* Foodie.xcdatamodeld */ = {
			isa = XCVersionGroup;
			children = (
				DCB9022B2691A56400A95EAE /* Foodie.xcdatamodel */,
			);
			currentVersion = DCB9022B2691A56400A95EAE /* Foodie.xcdatamodel */;
			path = Foodie.xcdatamodeld;
			sourceTree = "<group>";
			versionGroupType = wrapper.xcdatamodel;
		};
/* End XCVersionGroup section */
	};
	rootObject = DCB902162691A56300A95EAE /* Project object */;
}
